{
  "nodes": {
    "agenix": {
      "inputs": {
        "darwin": "darwin",
        "home-manager": "home-manager",
        "nixpkgs": [
          "nixpkgs"
        ]
      },
      "locked": {
        "lastModified": 1684153753,
        "narHash": "sha256-PVbWt3qrjYAK+T5KplFcO+h7aZWfEj1UtyoKlvcDxh0=",
        "owner": "ryantm",
        "repo": "agenix",
        "rev": "db5637d10f797bb251b94ef9040b237f4702cde3",
        "type": "github"
      },
      "original": {
        "owner": "ryantm",
        "repo": "agenix",
        "type": "github"
      }
    },
    "apl386": {
      "flake": false,
      "locked": {
        "lastModified": 1646646198,
        "narHash": "sha256-oHk4e7NRgAjGtZzQmZToYz7wCZETaj7/yRwZMeeYF2M=",
        "owner": "abrudz",
        "repo": "APL386",
        "rev": "6332c9dbb588946a0e8c9d7984dd0c003eeea266",
        "type": "github"
      },
      "original": {
        "owner": "abrudz",
        "repo": "APL386",
        "type": "github"
      }
    },
    "cmp-conventionalcommits": {
      "flake": false,
      "locked": {
        "lastModified": 1665962366,
        "narHash": "sha256-PAEWX0U8qbBwC3DqfCrDDlTLoIRIlcbwS1eDu3yarTc=",
        "owner": "davidsierradz",
        "repo": "cmp-conventionalcommits",
        "rev": "a4dfacf0601130b7f8afa7c948d735c27802fb7f",
        "type": "github"
      },
      "original": {
        "owner": "davidsierradz",
        "repo": "cmp-conventionalcommits",
        "type": "github"
      }
    },
    "cmp-git": {
      "flake": false,
      "locked": {
        "lastModified": 1685409535,
        "narHash": "sha256-McIYDGXu+tSaY/U6eu1XouSHto/mSpJ/i4Z4UKYa+mk=",
        "owner": "petertriho",
        "repo": "cmp-git",
        "rev": "f900a4cf117300fdc3ba31d26f8b6223ccd9c574",
        "type": "github"
      },
      "original": {
        "owner": "petertriho",
        "repo": "cmp-git",
        "type": "github"
      }
    },
    "copilot-cmp": {
      "flake": false,
      "locked": {
        "lastModified": 1683831407,
        "narHash": "sha256-+MzEGnhlrYRvAfskOwmw69OC1CsPXt7s3z+xPe9XPqs=",
        "owner": "zbirenbaum",
        "repo": "copilot-cmp",
        "rev": "c2cdb3c0f5078b0619055af192295830a7987790",
        "type": "github"
      },
      "original": {
        "owner": "zbirenbaum",
        "repo": "copilot-cmp",
        "type": "github"
      }
    },
    "copilot-lua": {
      "flake": false,
      "locked": {
        "lastModified": 1688190439,
        "narHash": "sha256-lD9FdbKKZ6d/BjIfqp0Ust2hqSYNLpCFWxuaKUO9qLs=",
        "owner": "zbirenbaum",
        "repo": "copilot.lua",
        "rev": "e48bd7020a98be217d85c006a298656294fd6210",
        "type": "github"
      },
      "original": {
        "owner": "zbirenbaum",
        "repo": "copilot.lua",
        "type": "github"
      }
    },
    "cosmic": {
      "inputs": {
        "crane": "crane",
        "fenix": "fenix",
        "flake-utils": "flake-utils_2",
        "nix-filter": "nix-filter",
        "nixpkgs": "nixpkgs"
      },
      "locked": {
        "lastModified": 1688130921,
        "narHash": "sha256-h4XE3LSv2hP0Q8nFA6kPyT8r9z0W/hfs4iDz9iJDFqU=",
        "owner": "pop-os",
        "repo": "cosmic-comp",
        "rev": "bdcb803efaa3e4d37973562eb710fec9477f4640",
        "type": "github"
      },
      "original": {
        "owner": "pop-os",
        "repo": "cosmic-comp",
        "type": "github"
      }
    },
    "crane": {
      "inputs": {
        "flake-compat": "flake-compat",
        "flake-utils": "flake-utils",
        "nixpkgs": [
          "cosmic",
          "nixpkgs"
        ],
        "rust-overlay": "rust-overlay"
      },
      "locked": {
        "lastModified": 1684981077,
        "narHash": "sha256-68X9cFm0RTZm8u0rXPbeBzOVUH5OoUGAfeHHVoxGd9o=",
        "owner": "ipetkov",
        "repo": "crane",
        "rev": "35110cccf28823320f4fd697fcafcb5038683982",
        "type": "github"
      },
      "original": {
        "owner": "ipetkov",
        "repo": "crane",
        "type": "github"
      }
    },
    "darwin": {
      "inputs": {
        "nixpkgs": [
          "agenix",
          "nixpkgs"
        ]
      },
      "locked": {
        "lastModified": 1673295039,
        "narHash": "sha256-AsdYgE8/GPwcelGgrntlijMg4t3hLFJFCRF3tL5WVjA=",
        "owner": "lnl7",
        "repo": "nix-darwin",
        "rev": "87b9d090ad39b25b2400029c64825fc2a8868943",
        "type": "github"
      },
      "original": {
        "owner": "lnl7",
        "ref": "master",
        "repo": "nix-darwin",
        "type": "github"
      }
    },
    "fenix": {
      "inputs": {
        "nixpkgs": [
          "cosmic",
          "nixpkgs"
        ],
        "rust-analyzer-src": "rust-analyzer-src"
      },
      "locked": {
        "lastModified": 1685600533,
        "narHash": "sha256-7oly5/7xJMtFH44I/Bsrnc2VG4M6HyUVhph3WoZrG64=",
        "owner": "nix-community",
        "repo": "fenix",
        "rev": "360c6a0bc9b78b896fdd60c8803ba98298a37f7c",
        "type": "github"
      },
      "original": {
        "owner": "nix-community",
        "repo": "fenix",
        "type": "github"
      }
    },
    "flake-compat": {
      "flake": false,
      "locked": {
        "lastModified": 1673956053,
        "narHash": "sha256-4gtG9iQuiKITOjNQQeQIpoIB6b16fm+504Ch3sNKLd8=",
        "owner": "edolstra",
        "repo": "flake-compat",
        "rev": "35bb57c0c8d8b62bbfd284272c928ceb64ddbde9",
        "type": "github"
      },
      "original": {
        "owner": "edolstra",
        "repo": "flake-compat",
        "type": "github"
      }
    },
    "flake-utils": {
      "inputs": {
        "systems": "systems"
      },
      "locked": {
        "lastModified": 1681202837,
        "narHash": "sha256-H+Rh19JDwRtpVPAWp64F+rlEtxUWBAQW28eAi3SRSzg=",
        "owner": "numtide",
        "repo": "flake-utils",
        "rev": "cfacdce06f30d2b68473a46042957675eebb3401",
        "type": "github"
      },
      "original": {
        "owner": "numtide",
        "repo": "flake-utils",
        "type": "github"
      }
    },
    "flake-utils_2": {
      "inputs": {
        "systems": "systems_2"
      },
      "locked": {
        "lastModified": 1685518550,
        "narHash": "sha256-o2d0KcvaXzTrPRIo0kOLV0/QXHhDQ5DTi+OxcjO8xqY=",
        "owner": "numtide",
        "repo": "flake-utils",
        "rev": "a1720a10a6cfe8234c0e93907ffe81be440f4cef",
        "type": "github"
      },
      "original": {
        "owner": "numtide",
        "repo": "flake-utils",
        "type": "github"
      }
    },
    "gh-nvim": {
      "flake": false,
      "locked": {
        "lastModified": 1682521998,
        "narHash": "sha256-R+vzppfF3AAAGAUdH1kEPpX7XjHowBlilWNJfHyzZ10=",
        "owner": "ldelossa",
        "repo": "gh.nvim",
        "rev": "2b5551656c1b896bf4ae06546eaaab00311f9a18",
        "type": "github"
      },
      "original": {
        "owner": "ldelossa",
        "repo": "gh.nvim",
        "type": "github"
      }
    },
    "home-manager": {
      "inputs": {
        "nixpkgs": [
          "agenix",
          "nixpkgs"
        ]
      },
      "locked": {
        "lastModified": 1682203081,
        "narHash": "sha256-kRL4ejWDhi0zph/FpebFYhzqlOBrk0Pl3dzGEKSAlEw=",
        "owner": "nix-community",
        "repo": "home-manager",
        "rev": "32d3e39c491e2f91152c84f8ad8b003420eab0a1",
        "type": "github"
      },
      "original": {
        "owner": "nix-community",
        "repo": "home-manager",
        "type": "github"
      }
    },
    "home-manager_2": {
      "inputs": {
        "nixpkgs": [
          "nixpkgs"
        ]
      },
      "locked": {
        "lastModified": 1687871164,
        "narHash": "sha256-bBFlPthuYX322xOlpJvkjUBz0C+MOBjZdDOOJJ+G2jU=",
        "owner": "nix-community",
        "repo": "home-manager",
        "rev": "07c347bb50994691d7b0095f45ebd8838cf6bc38",
        "type": "github"
      },
      "original": {
        "owner": "nix-community",
        "ref": "release-23.05",
        "repo": "home-manager",
        "type": "github"
      }
    },
    "impermanence": {
      "locked": {
        "lastModified": 1684264534,
        "narHash": "sha256-K0zr+ry3FwIo3rN2U/VWAkCJSgBslBisvfRIPwMbuCQ=",
        "owner": "nix-community",
        "repo": "impermanence",
        "rev": "89253fb1518063556edd5e54509c30ac3089d5e6",
        "type": "github"
      },
      "original": {
        "owner": "nix-community",
        "repo": "impermanence",
        "type": "github"
      }
    },
    "nix-filter": {
      "locked": {
        "lastModified": 1681154353,
        "narHash": "sha256-MCJ5FHOlbfQRFwN0brqPbCunLEVw05D/3sRVoNVt2tI=",
        "owner": "numtide",
        "repo": "nix-filter",
        "rev": "f529f42792ade8e32c4be274af6b6d60857fbee7",
        "type": "github"
      },
      "original": {
        "owner": "numtide",
        "repo": "nix-filter",
        "type": "github"
      }
    },
    "nixpkgs": {
      "locked": {
        "lastModified": 1688403656,
        "narHash": "sha256-zmNai3dKWUCKpKubPWsEJ1Q7od96KebWVDJNCnk+fr0=",
        "owner": "NixOS",
        "repo": "nixpkgs",
        "rev": "453da3c28f7a95374b73d1f3fd665dd40e6049e9",
        "type": "github"
      },
      "original": {
        "owner": "NixOS",
        "ref": "nixpkgs-unstable",
        "repo": "nixpkgs",
        "type": "github"
      }
    },
    "nixpkgs-unstable": {
      "locked": {
        "lastModified": 1688231357,
        "narHash": "sha256-ZOn16X5jZ6X5ror58gOJAxPfFLAQhZJ6nOUeS4tfFwo=",
        "owner": "NixOS",
        "repo": "nixpkgs",
        "rev": "645ff62e09d294a30de823cb568e9c6d68e92606",
        "type": "github"
      },
      "original": {
        "owner": "NixOS",
        "ref": "nixos-unstable",
        "repo": "nixpkgs",
        "type": "github"
      }
    },
    "nixpkgs_2": {
      "locked": {
        "lastModified": 1688177999,
        "narHash": "sha256-JZ5nk90Ym79b4J593xYb0mI79QxU0efJLuCU3sXDalQ=",
        "owner": "NixOS",
        "repo": "nixpkgs",
        "rev": "0de86059128947b2438995450f2c2ca08cc783d5",
        "type": "github"
      },
      "original": {
        "owner": "NixOS",
        "ref": "nixos-23.05",
        "repo": "nixpkgs",
        "type": "github"
      }
    },
    "nur": {
      "locked": {
        "lastModified": 1688373029,
        "narHash": "sha256-lHCdKJ79pBWcILK73ajNh3qTb+Sqc5k9M7MkNLMROQY=",
        "owner": "nix-community",
        "repo": "NUR",
        "rev": "6874f4eb899371204e9357da3881a57ca9844e00",
        "type": "github"
      },
      "original": {
        "owner": "nix-community",
        "repo": "NUR",
        "type": "github"
      }
    },
    "nvim-cmp-vlime": {
      "flake": false,
      "locked": {
        "lastModified": 1672313103,
        "narHash": "sha256-ejjJWNGjx28viKz8tsaifCkJ9HHYAOkbOZAdlR8gQJo=",
        "owner": "HiPhish",
        "repo": "nvim-cmp-vlime",
        "rev": "5bc7fa02f255f6faed0ba5fda5f4883b46a66676",
        "type": "gitlab"
      },
      "original": {
        "owner": "HiPhish",
        "repo": "nvim-cmp-vlime",
        "type": "gitlab"
      }
    },
    "root": {
      "inputs": {
        "agenix": "agenix",
        "apl386": "apl386",
        "cmp-conventionalcommits": "cmp-conventionalcommits",
        "cmp-git": "cmp-git",
        "copilot-cmp": "copilot-cmp",
        "copilot-lua": "copilot-lua",
        "cosmic": "cosmic",
        "gh-nvim": "gh-nvim",
        "home-manager": "home-manager_2",
        "impermanence": "impermanence",
        "nixpkgs": "nixpkgs_2",
        "nixpkgs-unstable": "nixpkgs-unstable",
        "nur": "nur",
        "nvim-cmp-vlime": "nvim-cmp-vlime",
        "rust-tools-nvim": "rust-tools-nvim",
        "vim-hy": "vim-hy",
        "vlime": "vlime"
      }
    },
    "rust-analyzer-src": {
      "flake": false,
      "locked": {
        "lastModified": 1685541053,
        "narHash": "sha256-ck8hhiuxvy8jLIv2cPsQK8bfc/aYZjrIelmLAv16T4o=",
        "owner": "rust-lang",
        "repo": "rust-analyzer",
        "rev": "bafa6c4ee5d3acdbb62ec289364564270357c6a2",
        "type": "github"
      },
      "original": {
        "owner": "rust-lang",
        "ref": "nightly",
        "repo": "rust-analyzer",
        "type": "github"
      }
    },
    "rust-overlay": {
      "inputs": {
        "flake-utils": [
          "cosmic",
          "crane",
          "flake-utils"
        ],
        "nixpkgs": [
          "cosmic",
          "crane",
          "nixpkgs"
        ]
      },
      "locked": {
        "lastModified": 1683080331,
        "narHash": "sha256-nGDvJ1DAxZIwdn6ww8IFwzoHb2rqBP4wv/65Wt5vflk=",
        "owner": "oxalica",
        "repo": "rust-overlay",
        "rev": "d59c3fa0cba8336e115b376c2d9e91053aa59e56",
        "type": "github"
      },
      "original": {
        "owner": "oxalica",
        "repo": "rust-overlay",
        "type": "github"
      }
    },
    "rust-tools-nvim": {
      "flake": false,
      "locked": {
        "lastModified": 1676929960,
        "narHash": "sha256-Cuk/vdoviB9ibt2rrkNRmNFy4S+6czhbExmIjTJRdZM=",
        "owner": "simrat39",
        "repo": "rust-tools.nvim",
        "rev": "71d2cf67b5ed120a0e31b2c8adb210dd2834242f",
        "type": "github"
      },
      "original": {
        "owner": "simrat39",
        "repo": "rust-tools.nvim",
        "type": "github"
      }
    },
    "systems": {
      "locked": {
        "lastModified": 1681028828,
        "narHash": "sha256-Vy1rq5AaRuLzOxct8nz4T6wlgyUR7zLU309k9mBC768=",
        "owner": "nix-systems",
        "repo": "default",
        "rev": "da67096a3b9bf56a91d16901293e51ba5b49a27e",
        "type": "github"
      },
      "original": {
        "owner": "nix-systems",
        "repo": "default",
        "type": "github"
      }
    },
    "systems_2": {
      "locked": {
        "lastModified": 1681028828,
        "narHash": "sha256-Vy1rq5AaRuLzOxct8nz4T6wlgyUR7zLU309k9mBC768=",
        "owner": "nix-systems",
        "repo": "default",
        "rev": "da67096a3b9bf56a91d16901293e51ba5b49a27e",
        "type": "github"
      },
      "original": {
        "owner": "nix-systems",
        "repo": "default",
        "type": "github"
      }
    },
    "vim-hy": {
      "flake": false,
      "locked": {
        "lastModified": 1685537549,
        "narHash": "sha256-25rUKzokaUpPLQUIGR02gfYW+6N365scSn7gprNEJKg=",
        "owner": "hylang",
        "repo": "vim-hy",
        "rev": "bfcb164875652c22e101b9b2eff99408374109b2",
        "type": "github"
      },
      "original": {
        "owner": "hylang",
        "repo": "vim-hy",
        "type": "github"
      }
    },
    "vlime": {
      "flake": false,
      "locked": {
        "lastModified": 1688286786,
        "narHash": "sha256-t96BZl2qEnFYPnXnVNRUUI2vICdz/0lnnmw+LT0PzLU=",
        "owner": "vlime",
        "repo": "vlime",
        "rev": "c1ac16c1a50bec4c30da87cd4ce2af12e26fb022",
        "type": "github"
      },
      "original": {
        "owner": "vlime",
        "repo": "vlime",
        "type": "github"
      }
    }
  },
  "root": "root",
  "version": 7
}
