{
  "nodes": {
    "agenix": {
      "inputs": {
        "nixpkgs": [
          "nixpkgs"
        ]
      },
      "locked": {
        "lastModified": 1665870395,
        "narHash": "sha256-Tsbqb27LDNxOoPLh0gw2hIb6L/6Ow/6lIBvqcHzEKBI=",
        "owner": "ryantm",
        "repo": "agenix",
        "rev": "a630400067c6d03c9b3e0455347dc8559db14288",
        "type": "github"
      },
      "original": {
        "owner": "ryantm",
        "repo": "agenix",
        "type": "github"
      }
    },
    "cmp-conventionalcommits": {
      "flake": false,
      "locked": {
        "lastModified": 1665962366,
        "narHash": "sha256-PAEWX0U8qbBwC3DqfCrDDlTLoIRIlcbwS1eDu3yarTc=",
        "owner": "davidsierradz",
        "repo": "cmp-conventionalcommits",
        "rev": "a4dfacf0601130b7f8afa7c948d735c27802fb7f",
        "type": "github"
      },
      "original": {
        "owner": "davidsierradz",
        "repo": "cmp-conventionalcommits",
        "type": "github"
      }
    },
    "cmp-git": {
      "flake": false,
      "locked": {
        "lastModified": 1659918460,
        "narHash": "sha256-/fHoZxtJFG9v1sw/rQU2fa0ybO7bIovvRvY6M/mU5sc=",
        "owner": "petertriho",
        "repo": "cmp-git",
        "rev": "fae6cdb407ad6c63a0b1928670bad1a67a55b887",
        "type": "github"
      },
      "original": {
        "owner": "petertriho",
        "repo": "cmp-git",
        "type": "github"
      }
    },
    "home-manager": {
      "inputs": {
        "nixpkgs": [
          "nixpkgs"
        ],
        "utils": "utils"
      },
      "locked": {
        "lastModified": 1670253003,
        "narHash": "sha256-/tJIy4+FbsQyslq1ipyicZ2psOEd8dvl4OJ9lfisjd0=",
        "owner": "nix-community",
        "repo": "home-manager",
        "rev": "0e8125916b420e41bf0d23a0aa33fadd0328beb3",
        "type": "github"
      },
      "original": {
        "owner": "nix-community",
        "ref": "release-22.11",
        "repo": "home-manager",
        "type": "github"
      }
    },
    "impermanence": {
      "locked": {
        "lastModified": 1668668915,
        "narHash": "sha256-QjY4ZZbs9shwO4LaLpvlU2bO9J1juYhO9NtV3nrbnYQ=",
        "owner": "nix-community",
        "repo": "impermanence",
        "rev": "5df9108b346f8a42021bf99e50de89c9caa251c3",
        "type": "github"
      },
      "original": {
        "owner": "nix-community",
        "repo": "impermanence",
        "type": "github"
      }
    },
    "nixpkgs": {
      "locked": {
        "lastModified": 1671883564,
        "narHash": "sha256-C15oAtyupmLB3coZY7qzEHXjhtUx/+77olVdqVMruAg=",
        "owner": "NixOS",
        "repo": "nixpkgs",
        "rev": "dac57a4eccf1442e8bf4030df6fcbb55883cb682",
        "type": "github"
      },
      "original": {
        "owner": "NixOS",
        "ref": "nixos-22.11",
        "repo": "nixpkgs",
        "type": "github"
      }
    },
    "nur": {
      "locked": {
        "lastModified": 1672073588,
        "narHash": "sha256-0Nh0X60a1R7YK4sKLC6+gc2M7ofXYZ3K4bOUgRiZk7w=",
        "owner": "nix-community",
        "repo": "NUR",
        "rev": "db05a5e18de3bb4a6a7c08b3443318b947221165",
        "type": "github"
      },
      "original": {
        "owner": "nix-community",
        "repo": "NUR",
        "type": "github"
      }
    },
    "root": {
      "inputs": {
        "agenix": "agenix",
        "cmp-conventionalcommits": "cmp-conventionalcommits",
        "cmp-git": "cmp-git",
        "home-manager": "home-manager",
        "impermanence": "impermanence",
        "nixpkgs": "nixpkgs",
        "nur": "nur"
      }
    },
    "utils": {
      "locked": {
        "lastModified": 1667395993,
        "narHash": "sha256-nuEHfE/LcWyuSWnS8t12N1wc105Qtau+/OdUAjtQ0rA=",
        "owner": "numtide",
        "repo": "flake-utils",
        "rev": "5aed5285a952e0b949eb3ba02c12fa4fcfef535f",
        "type": "github"
      },
      "original": {
        "owner": "numtide",
        "repo": "flake-utils",
        "type": "github"
      }
    }
  },
  "root": "root",
  "version": 7
}
