{
  "nodes": {
    "agenix": {
      "inputs": {
        "nixpkgs": [
          "nixpkgs"
        ]
      },
      "locked": {
        "lastModified": 1665870395,
        "narHash": "sha256-Tsbqb27LDNxOoPLh0gw2hIb6L/6Ow/6lIBvqcHzEKBI=",
        "owner": "ryantm",
        "repo": "agenix",
        "rev": "a630400067c6d03c9b3e0455347dc8559db14288",
        "type": "github"
      },
      "original": {
        "owner": "ryantm",
        "repo": "agenix",
        "type": "github"
      }
    },
    "cmp-conventionalcommits": {
      "flake": false,
      "locked": {
        "lastModified": 1665962366,
        "narHash": "sha256-PAEWX0U8qbBwC3DqfCrDDlTLoIRIlcbwS1eDu3yarTc=",
        "owner": "davidsierradz",
        "repo": "cmp-conventionalcommits",
        "rev": "a4dfacf0601130b7f8afa7c948d735c27802fb7f",
        "type": "github"
      },
      "original": {
        "owner": "davidsierradz",
        "repo": "cmp-conventionalcommits",
        "type": "github"
      }
    },
    "cmp-git": {
      "flake": false,
      "locked": {
        "lastModified": 1659918460,
        "narHash": "sha256-/fHoZxtJFG9v1sw/rQU2fa0ybO7bIovvRvY6M/mU5sc=",
        "owner": "petertriho",
        "repo": "cmp-git",
        "rev": "fae6cdb407ad6c63a0b1928670bad1a67a55b887",
        "type": "github"
      },
      "original": {
        "owner": "petertriho",
        "repo": "cmp-git",
        "type": "github"
      }
    },
    "home-manager": {
      "inputs": {
        "nixpkgs": [
          "nixpkgs"
        ]
      },
      "locked": {
        "lastModified": 1667907331,
        "narHash": "sha256-bHkAwkYlBjkupPUFcQjimNS8gxWSWjOTevEuwdnp5m0=",
        "owner": "nix-community",
        "repo": "home-manager",
        "rev": "6639e3a837fc5deb6f99554072789724997bc8e5",
        "type": "github"
      },
      "original": {
        "owner": "nix-community",
        "ref": "release-22.05",
        "repo": "home-manager",
        "type": "github"
      }
    },
    "impermanence": {
      "locked": {
        "lastModified": 1668668915,
        "narHash": "sha256-QjY4ZZbs9shwO4LaLpvlU2bO9J1juYhO9NtV3nrbnYQ=",
        "owner": "nix-community",
        "repo": "impermanence",
        "rev": "5df9108b346f8a42021bf99e50de89c9caa251c3",
        "type": "github"
      },
      "original": {
        "owner": "nix-community",
        "repo": "impermanence",
        "type": "github"
      }
    },
    "lsp-trouble": {
      "flake": false,
      "locked": {
        "lastModified": 1620090273,
        "narHash": "sha256-Vrv9xWGANqruKwtWlb5jr/4i5bsM8mZiyG6FPENhi9w=",
        "owner": "simrat39",
        "repo": "lsp-trouble.nvim",
        "rev": "315bda04bc48a6d28fc4417b69ec60458d354e7a",
        "type": "github"
      },
      "original": {
        "owner": "simrat39",
        "repo": "lsp-trouble.nvim",
        "type": "github"
      }
    },
    "nixpkgs": {
      "locked": {
        "lastModified": 1668984258,
        "narHash": "sha256-0gDMJ2T3qf58xgcSbYoXiRGUkPWmKyr5C3vcathWhKs=",
        "owner": "NixOS",
        "repo": "nixpkgs",
        "rev": "cf63ade6f74bbc9d2a017290f1b2e33e8fbfa70a",
        "type": "github"
      },
      "original": {
        "owner": "NixOS",
        "ref": "nixos-22.05",
        "repo": "nixpkgs",
        "type": "github"
      }
    },
    "nur": {
      "locked": {
        "lastModified": 1669069766,
        "narHash": "sha256-IsirdGJd22GK7uWYsJgnAR7KzE3UTnAyniF+j32lGfI=",
        "owner": "nix-community",
        "repo": "NUR",
        "rev": "4541a1d885102330858c3b7913de9b451124e87a",
        "type": "github"
      },
      "original": {
        "owner": "nix-community",
        "repo": "NUR",
        "type": "github"
      }
    },
    "root": {
      "inputs": {
        "agenix": "agenix",
        "cmp-conventionalcommits": "cmp-conventionalcommits",
        "cmp-git": "cmp-git",
        "home-manager": "home-manager",
        "impermanence": "impermanence",
        "lsp-trouble": "lsp-trouble",
        "nixpkgs": "nixpkgs",
        "nur": "nur"
      }
    }
  },
  "root": "root",
  "version": 7
}
